
Microsoft Visual Studio Solution File, Format Version 12.00
# Visual Studio Version 17
VisualStudioVersion = 17.11.35327.3
MinimumVisualStudioVersion = 10.0.40219.1
Project("{FAE04EC0-301F-11D3-BF4B-00C04F79EFBC}") = "yazilimodev1", "yazilimodev1\yazilimodev1.csproj", "{7ECF5A18-C703-4101-97F1-D22B701C7017}"
EndProject
Global
	GlobalSection(SolutionConfigurationPlatforms) = preSolution
		Debug|Any CPU = Debug|Any CPU
		Release|Any CPU = Release|Any CPU
	EndGlobalSection
	GlobalSection(ProjectConfigurationPlatforms) = postSolution
		{7ECF5A18-C703-4101-97F1-D22B701C7017}.Debug|Any CPU.ActiveCfg = Debug|Any CPU
		{7ECF5A18-C703-4101-97F1-D22B701C7017}.Debug|Any CPU.Build.0 = Debug|Any CPU
		{7ECF5A18-C703-4101-97F1-D22B701C7017}.Release|Any CPU.ActiveCfg = Release|Any CPU
		{7ECF5A18-C703-4101-97F1-D22B701C7017}.Release|Any CPU.Build.0 = Release|Any CPU
	EndGlobalSection
	GlobalSection(SolutionProperties) = preSolution
		HideSolutionNode = FALSE
	EndGlobalSection
	GlobalSection(ExtensibilityGlobals) = postSolution
		SolutionGuid = {809A578D-1E5A-4E09-A1F0-4110D28BA0D8}
	EndGlobalSection
EndGlobal
